{
    "_readme": [
        "This file locks the dependencies of your project to a known state",
        "Read more about it at https://getcomposer.org/doc/01-basic-usage.md#installing-dependencies",
        "This file is @generated automatically"
    ],
    "content-hash": "9cf11469cc43ff2d6dcf04c3bd8b9b95",
    "packages": [
        {
            "name": "wp-cli/php-cli-tools",
            "version": "v0.11.17",
            "source": {
                "type": "git",
                "url": "https://github.com/wp-cli/php-cli-tools.git",
                "reference": "f6be76b7c4ee2ef93c9531b8a37bdb7ce42c3728"
            },
            "dist": {
                "type": "zip",
                "url": "https://api.github.com/repos/wp-cli/php-cli-tools/zipball/f6be76b7c4ee2ef93c9531b8a37bdb7ce42c3728",
                "reference": "f6be76b7c4ee2ef93c9531b8a37bdb7ce42c3728",
                "shasum": ""
            },
            "require": {
                "php": ">= 5.3.0"
            },
            "require-dev": {
                "roave/security-advisories": "dev-latest",
                "wp-cli/wp-cli-tests": "^3.1.6"
            },
            "type": "library",
            "extra": {
                "branch-alias": {
                    "dev-master": "0.11.x-dev"
                }
            },
            "autoload": {
                "files": [
                    "lib/cli/cli.php"
                ],
                "psr-0": {
                    "cli": "lib/"
                }
            },
            "notification-url": "https://packagist.org/downloads/",
            "license": [
                "MIT"
            ],
            "authors": [
                {
                    "name": "Daniel Bachhuber",
                    "email": "daniel@handbuilt.co",
                    "role": "Maintainer"
                },
                {
                    "name": "James Logsdon",
                    "email": "jlogsdon@php.net",
                    "role": "Developer"
                }
            ],
            "description": "Console utilities for PHP",
            "homepage": "http://github.com/wp-cli/php-cli-tools",
            "keywords": [
                "cli",
                "console"
            ],
            "support": {
                "issues": "https://github.com/wp-cli/php-cli-tools/issues",
                "source": "https://github.com/wp-cli/php-cli-tools/tree/v0.11.17"
            },
            "time": "2023-01-12T01:18:21+00:00"
        }
    ],
    "packages-dev": [],
    "aliases": [],
    "minimum-stability": "stable",
    "stability-flags": [],
    "prefer-stable": false,
    "prefer-lowest": false,
    "platform": [],
    "platform-dev": [],
    "plugin-api-version": "2.3.0"
}
