{
    "_readme": [
        "This file locks the dependencies of your project to a known state",
        "Read more about it at https://getcomposer.org/doc/01-basic-usage.md#installing-dependencies",
        "This file is @generated automatically"
    ],
    "content-hash": "34160141e42986ce562eded29bbd4d5a",
    "packages": [
        {
            "name": "wp-cli/php-cli-tools",
            "version": "v0.11.14",
            "source": {
                "type": "git",
                "url": "https://github.com/wp-cli/php-cli-tools.git",
                "reference": "f8f340e4a87687549d046e2da516242f7f36c934"
            },
            "dist": {
                "type": "zip",
                "url": "https://api.github.com/repos/wp-cli/php-cli-tools/zipball/f8f340e4a87687549d046e2da516242f7f36c934",
                "reference": "f8f340e4a87687549d046e2da516242f7f36c934",
                "shasum": ""
            },
            "require": {
                "php": ">= 5.3.0"
            },
            "type": "library",
            "autoload": {
                "files": [
                    "lib/cli/cli.php"
                ],
                "psr-0": {
                    "cli": "lib/"
                }
            },
            "notification-url": "https://packagist.org/downloads/",
            "license": [
                "MIT"
            ],
            "authors": [
                {
                    "name": "Daniel Bachhuber",
                    "email": "daniel@handbuilt.co",
                    "role": "Maintainer"
                },
                {
                    "name": "James Logsdon",
                    "email": "jlogsdon@php.net",
                    "role": "Developer"
                }
            ],
            "description": "Console utilities for PHP",
            "homepage": "http://github.com/wp-cli/php-cli-tools",
            "keywords": [
                "cli",
                "console"
            ],
            "support": {
                "issues": "https://github.com/wp-cli/php-cli-tools/issues",
                "source": "https://github.com/wp-cli/php-cli-tools/tree/v0.11.14"
            },
            "time": "2022-07-04T21:44:34+00:00"
        }
    ],
    "packages-dev": [],
    "aliases": [],
    "minimum-stability": "stable",
    "stability-flags": [],
    "prefer-stable": false,
    "prefer-lowest": false,
    "platform": [],
    "platform-dev": [],
    "plugin-api-version": "2.2.0"
}
